version = 1
revision = 2
requires-python = ">=3.12"

[[package]]
name = "incose"
version = "0.1.0"
source = { virtual = "." }
dependencies = [
    { name = "jpype1" },
]

[package.metadata]
requires-dist = [{ name = "jpype1", specifier = ">=1.6.0" }]

[[package]]
name = "jpype1"
version = "1.6.0"
source = { registry = "https://pypi.org/simple" }
dependencies = [
    { name = "packaging" },
]
sdist = { url = "https://files.pythonhosted.org/packages/34/49/6090a131d84b22c6aae13b1853092028b060fd17da1af87c0e42ad69d50f/jpype1-1.6.0.tar.gz", hash = "sha256:2d46b2a14f8f0e6f17d8aa22b4fc3a64b2790851ebf1409ad79a37c698fd6e9a", size = 1057888, upload-time = "2025-07-07T14:04:11.244Z" }
wheels = [
    { url = "https://files.pythonhosted.org/packages/38/88/2156a27251492169f947850293d9870d49d784f1355fad7e920095636721/jpype1-1.6.0-cp312-cp312-macosx_10_9_universal2.whl", hash = "sha256:5454322887505097c46f41521becf31cda2303f54e35cb42e20f1a180055a558", size = 582187, upload-time = "2025-07-07T13:50:39.034Z" },
    { url = "https://files.pythonhosted.org/packages/6b/5d/51bde8695cc3eabcc465779f6dc23b149194bbcdcb8d221a9572422053f4/jpype1-1.6.0-cp312-cp312-manylinux2014_aarch64.manylinux_2_17_aarch64.whl", hash = "sha256:cf646459023a0dd71b3cc3aeeb977225a93f94c97839bb4e6146977b166c7caf", size = 468341, upload-time = "2025-07-07T13:50:40.739Z" },
    { url = "https://files.pythonhosted.org/packages/7a/a1/50cdc2bf9e51c0828faabec6fad50d61aada5a57d0bc435f4db0c16eb2ca/jpype1-1.6.0-cp312-cp312-manylinux2014_i686.manylinux_2_17_i686.whl", hash = "sha256:7a98b34bc68a117881382dffa9b02d5e1d0d94325f85d7f564c33cc9e9d2916b", size = 511724, upload-time = "2025-07-07T13:50:42.479Z" },
    { url = "https://files.pythonhosted.org/packages/c4/a4/6038228e44cbcdb8f96ff2518cd6c577730f31fb62e9f46de7efdfabc2de/jpype1-1.6.0-cp312-cp312-manylinux2014_x86_64.manylinux_2_17_x86_64.whl", hash = "sha256:b56d7b662ce353c7f876e9ff3d4e775918348340795801e1f00c3b6241006264", size = 495897, upload-time = "2025-07-07T13:50:44.018Z" },
    { url = "https://files.pythonhosted.org/packages/8c/e4/af69d43779da0e49d37d7fd8a4a01bede03f6a3bab450eab1c10cf48e20e/jpype1-1.6.0-cp312-cp312-win_amd64.whl", hash = "sha256:cf41134bc59c28de2721614ed00a34f76f69f2b525583a5c42fee5c7bae05d40", size = 355702, upload-time = "2025-07-07T13:50:45.368Z" },
    { url = "https://files.pythonhosted.org/packages/3f/1b/7167cfb702cfbcb17b0973150608f9cb92c3f409ebaaff655f7389617766/jpype1-1.6.0-cp313-cp313-macosx_10_13_universal2.whl", hash = "sha256:ce1da9ff01010a4529de194aecc053bfc8ab25440ea6b63579ef8c8d381da21d", size = 582384, upload-time = "2025-07-07T13:50:47.418Z" },
    { url = "https://files.pythonhosted.org/packages/c0/48/8ae425d8842bc76eb51052bbea5941dac230c8f6b58614ef2b7cb2da1a74/jpype1-1.6.0-cp313-cp313-manylinux2014_aarch64.manylinux_2_17_aarch64.whl", hash = "sha256:4a387430cd4f3f68761013dca7f71b79d8d64b47dfd56eedcbd44c894d98d7f2", size = 468237, upload-time = "2025-07-07T13:50:48.925Z" },
    { url = "https://files.pythonhosted.org/packages/ef/2f/dbdc15aa99404dda0315a9883add7422c9ac7acce28ce24b66c89052c2fb/jpype1-1.6.0-cp313-cp313-manylinux2014_i686.manylinux_2_17_i686.whl", hash = "sha256:6c9d99f41a5d05a8a2b6aeda796f646904c1c2b68aed0cc9a3bbc165483d9e1e", size = 511905, upload-time = "2025-07-07T13:50:50.87Z" },
    { url = "https://files.pythonhosted.org/packages/00/0d/50fcdd6d3bb42a87cbda8b04fc72283a9c6d955ada0d011190ce31e0e027/jpype1-1.6.0-cp313-cp313-manylinux2014_x86_64.manylinux_2_17_x86_64.whl", hash = "sha256:55ba7257988a69bee84f7cd1444131725d5447999149fdafdba25bf46e4b1a3f", size = 496001, upload-time = "2025-07-07T13:50:52.711Z" },
    { url = "https://files.pythonhosted.org/packages/4f/b8/25214a9ebecbd31447b685500dca5fe2ac070df38358d6823f591a8ce52e/jpype1-1.6.0-cp313-cp313-win_amd64.whl", hash = "sha256:ef8dd72442d91cde7e5eefef24ab71323cdd4137283a59f79d265a6620f7d0ab", size = 355727, upload-time = "2025-07-07T13:51:00.402Z" },
    { url = "https://files.pythonhosted.org/packages/29/a0/b2347572998020de8ce3ee0a285a1b84b052b522e8d452ee9ad330570918/jpype1-1.6.0-cp313-cp313t-manylinux2014_aarch64.manylinux_2_17_aarch64.whl", hash = "sha256:dc0c1c8b989b9857f87648980a746084b323858b0450225eab3642bb674645d6", size = 471150, upload-time = "2025-07-07T13:50:54.254Z" },
    { url = "https://files.pythonhosted.org/packages/7c/62/5e0f64a185f37303d0dd07e7b7a927cd5237fdc3c8176add949ed8cafaa2/jpype1-1.6.0-cp313-cp313t-manylinux2014_i686.manylinux_2_17_i686.whl", hash = "sha256:cbbba16381ccd23530ad4ef09f7b2b1b12bd7fd0f6ca9fe4c7b4e3da8fe4cf63", size = 514015, upload-time = "2025-07-07T13:50:56.299Z" },
    { url = "https://files.pythonhosted.org/packages/72/68/84050ed2679e2d2ee2030a60d3e5a59a29d0533cd03fd8d9891e36592b0f/jpype1-1.6.0-cp313-cp313t-manylinux2014_x86_64.manylinux_2_17_x86_64.whl", hash = "sha256:1a3814e4f65d67e36bdb03b8851d5ece8d7a408aa3a24251ea0609bb8fba77dd", size = 497229, upload-time = "2025-07-07T13:50:57.842Z" },
]

[[package]]
name = "packaging"
version = "25.0"
source = { registry = "https://pypi.org/simple" }
sdist = { url = "https://files.pythonhosted.org/packages/a1/d4/1fc4078c65507b51b96ca8f8c3ba19e6a61c8253c72794544580a7b6c24d/packaging-25.0.tar.gz", hash = "sha256:d443872c98d677bf60f6a1f2f8c1cb748e8fe762d2bf9d3148b5599295b0fc4f", size = 165727, upload-time = "2025-04-19T11:48:59.673Z" }
wheels = [
    { url = "https://files.pythonhosted.org/packages/20/12/38679034af332785aac8774540895e234f4d07f7545804097de4b666afd8/packaging-25.0-py3-none-any.whl", hash = "sha256:29572ef2b1f17581046b3a2227d5c611fb25ec70ca1ba8554b24b0e69331a484", size = 66469, upload-time = "2025-04-19T11:48:57.875Z" },
]
